
Microsoft Visual Studio Solution File, Format Version 12.00
# Visual Studio Version 17
VisualStudioVersion = 17.8.34330.188
MinimumVisualStudioVersion = 10.0.40219.1
Project("{FAE04EC0-301F-11D3-BF4B-00C04F79EFBC}") = "Language Vocabularies Builder", "Language Vocabularies Builder\Language Vocabularies Builder.csproj", "{8E453E22-3CF5-47C1-B2AE-D8A4017BC554}"
EndProject
Global
	GlobalSection(SolutionConfigurationPlatforms) = preSolution
		Debug|Any CPU = Debug|Any CPU
		Release|Any CPU = Release|Any CPU
	EndGlobalSection
	GlobalSection(ProjectConfigurationPlatforms) = postSolution
		{8E453E22-3CF5-47C1-B2AE-D8A4017BC554}.Debug|Any CPU.ActiveCfg = Debug|Any CPU
		{8E453E22-3CF5-47C1-B2AE-D8A4017BC554}.Debug|Any CPU.Build.0 = Debug|Any CPU
		{8E453E22-3CF5-47C1-B2AE-D8A4017BC554}.Release|Any CPU.ActiveCfg = Release|Any CPU
		{8E453E22-3CF5-47C1-B2AE-D8A4017BC554}.Release|Any CPU.Build.0 = Release|Any CPU
	EndGlobalSection
	GlobalSection(SolutionProperties) = preSolution
		HideSolutionNode = FALSE
	EndGlobalSection
	GlobalSection(ExtensibilityGlobals) = postSolution
		SolutionGuid = {988C43F2-E9F9-496F-BBDD-934D9ACD1B2E}
	EndGlobalSection
EndGlobal
